// !$*UTF8*$!
{
	archiveVersion = 1;
	classes = {
	};
	objectVersion = 55;
	objects = {

/* Begin PBXBuildFile section */
		E5304D1E2837F3840033775E /* UIViewExtensions.swift in Sources */ = {isa = PBXBuildFile; fileRef = E5304D1D2837F3840033775E /* UIViewExtensions.swift */; };
		E5304D202837F4140033775E /* PopularVC.swift in Sources */ = {isa = PBXBuildFile; fileRef = E5304D1F2837F4140033775E /* PopularVC.swift */; };
		E5304D222837F43C0033775E /* TopRatedVC.swift in Sources */ = {isa = PBXBuildFile; fileRef = E5304D212837F43C0033775E /* TopRatedVC.swift */; };
		E5304D252837F4C20033775E /* UpcomingVC.swift in Sources */ = {isa = PBXBuildFile; fileRef = E5304D242837F4C20033775E /* UpcomingVC.swift */; };
		E5304D2828380B260033775E /* Alamofire in Frameworks */ = {isa = PBXBuildFile; productRef = E5304D2728380B260033775E /* Alamofire */; };
		E5304D2C283810D90033775E /* BaseService.swift in Sources */ = {isa = PBXBuildFile; fileRef = E5304D2B283810D90033775E /* BaseService.swift */; };
		E5304D2E283811720033775E /* Constant.swift in Sources */ = {isa = PBXBuildFile; fileRef = E5304D2D283811720033775E /* Constant.swift */; };
		E5304D3028381C390033775E /* MovieAPI.swift in Sources */ = {isa = PBXBuildFile; fileRef = E5304D2F28381C390033775E /* MovieAPI.swift */; };
		E5304D32283895300033775E /* Movie.swift in Sources */ = {isa = PBXBuildFile; fileRef = E5304D31283895300033775E /* Movie.swift */; };
		E5304D342838A7610033775E /* APIErrors.swift in Sources */ = {isa = PBXBuildFile; fileRef = E5304D332838A7610033775E /* APIErrors.swift */; };
		E5304D362838C3DC0033775E /* NowPlayingViewModel.swift in Sources */ = {isa = PBXBuildFile; fileRef = E5304D352838C3DC0033775E /* NowPlayingViewModel.swift */; };
		E5304D3928393B7E0033775E /* MovieTVC.swift in Sources */ = {isa = PBXBuildFile; fileRef = E5304D3728393B7E0033775E /* MovieTVC.swift */; };
		E5304D3A28393B7E0033775E /* MovieTVC.xib in Resources */ = {isa = PBXBuildFile; fileRef = E5304D3828393B7E0033775E /* MovieTVC.xib */; };
		E5304D3F28394CCD0033775E /* SDWebImage in Frameworks */ = {isa = PBXBuildFile; productRef = E5304D3E28394CCD0033775E /* SDWebImage */; };
		E5304D422839E5640033775E /* NowPlayingVCSetup.swift in Sources */ = {isa = PBXBuildFile; fileRef = E5304D412839E5640033775E /* NowPlayingVCSetup.swift */; };
		E5304D442839EBD20033775E /* Genre.swift in Sources */ = {isa = PBXBuildFile; fileRef = E5304D432839EBD20033775E /* Genre.swift */; };
		E572C4592837AF75006E6ECF /* AppDelegate.swift in Sources */ = {isa = PBXBuildFile; fileRef = E572C4582837AF75006E6ECF /* AppDelegate.swift */; };
		E572C45B2837AF75006E6ECF /* SceneDelegate.swift in Sources */ = {isa = PBXBuildFile; fileRef = E572C45A2837AF75006E6ECF /* SceneDelegate.swift */; };
		E572C45D2837AF75006E6ECF /* NowPlayingVC.swift in Sources */ = {isa = PBXBuildFile; fileRef = E572C45C2837AF75006E6ECF /* NowPlayingVC.swift */; };
		E572C4602837AF75006E6ECF /* Main.storyboard in Resources */ = {isa = PBXBuildFile; fileRef = E572C45E2837AF75006E6ECF /* Main.storyboard */; };
		E572C4632837AF75006E6ECF /* Movieify.xcdatamodeld in Sources */ = {isa = PBXBuildFile; fileRef = E572C4612837AF75006E6ECF /* Movieify.xcdatamodeld */; };
		E572C4652837AF78006E6ECF /* Assets.xcassets in Resources */ = {isa = PBXBuildFile; fileRef = E572C4642837AF78006E6ECF /* Assets.xcassets */; };
		E572C4682837AF78006E6ECF /* LaunchScreen.storyboard in Resources */ = {isa = PBXBuildFile; fileRef = E572C4662837AF78006E6ECF /* LaunchScreen.storyboard */; };
/* End PBXBuildFile section */

/* Begin PBXFileReference section */
		E5304D1D2837F3840033775E /* UIViewExtensions.swift */ = {isa = PBXFileReference; lastKnownFileType = sourcecode.swift; path = UIViewExtensions.swift; sourceTree = "<group>"; };
		E5304D1F2837F4140033775E /* PopularVC.swift */ = {isa = PBXFileReference; lastKnownFileType = sourcecode.swift; path = PopularVC.swift; sourceTree = "<group>"; };
		E5304D212837F43C0033775E /* TopRatedVC.swift */ = {isa = PBXFileReference; lastKnownFileType = sourcecode.swift; path = TopRatedVC.swift; sourceTree = "<group>"; };
		E5304D242837F4C20033775E /* UpcomingVC.swift */ = {isa = PBXFileReference; lastKnownFileType = sourcecode.swift; path = UpcomingVC.swift; sourceTree = "<group>"; };
		E5304D2B283810D90033775E /* BaseService.swift */ = {isa = PBXFileReference; lastKnownFileType = sourcecode.swift; path = BaseService.swift; sourceTree = "<group>"; };
		E5304D2D283811720033775E /* Constant.swift */ = {isa = PBXFileReference; lastKnownFileType = sourcecode.swift; path = Constant.swift; sourceTree = "<group>"; };
		E5304D2F28381C390033775E /* MovieAPI.swift */ = {isa = PBXFileReference; lastKnownFileType = sourcecode.swift; path = MovieAPI.swift; sourceTree = "<group>"; };
		E5304D31283895300033775E /* Movie.swift */ = {isa = PBXFileReference; lastKnownFileType = sourcecode.swift; path = Movie.swift; sourceTree = "<group>"; };
		E5304D332838A7610033775E /* APIErrors.swift */ = {isa = PBXFileReference; lastKnownFileType = sourcecode.swift; path = APIErrors.swift; sourceTree = "<group>"; };
		E5304D352838C3DC0033775E /* NowPlayingViewModel.swift */ = {isa = PBXFileReference; lastKnownFileType = sourcecode.swift; path = NowPlayingViewModel.swift; sourceTree = "<group>"; };
		E5304D3728393B7E0033775E /* MovieTVC.swift */ = {isa = PBXFileReference; lastKnownFileType = sourcecode.swift; path = MovieTVC.swift; sourceTree = "<group>"; };
		E5304D3828393B7E0033775E /* MovieTVC.xib */ = {isa = PBXFileReference; lastKnownFileType = file.xib; path = MovieTVC.xib; sourceTree = "<group>"; };
		E5304D412839E5640033775E /* NowPlayingVCSetup.swift */ = {isa = PBXFileReference; lastKnownFileType = sourcecode.swift; path = NowPlayingVCSetup.swift; sourceTree = "<group>"; };
		E5304D432839EBD20033775E /* Genre.swift */ = {isa = PBXFileReference; lastKnownFileType = sourcecode.swift; path = Genre.swift; sourceTree = "<group>"; };
		E572C4552837AF75006E6ECF /* Movieify.app */ = {isa = PBXFileReference; explicitFileType = wrapper.application; includeInIndex = 0; path = Movieify.app; sourceTree = BUILT_PRODUCTS_DIR; };
		E572C4582837AF75006E6ECF /* AppDelegate.swift */ = {isa = PBXFileReference; lastKnownFileType = sourcecode.swift; path = AppDelegate.swift; sourceTree = "<group>"; };
		E572C45A2837AF75006E6ECF /* SceneDelegate.swift */ = {isa = PBXFileReference; lastKnownFileType = sourcecode.swift; path = SceneDelegate.swift; sourceTree = "<group>"; };
		E572C45C2837AF75006E6ECF /* NowPlayingVC.swift */ = {isa = PBXFileReference; lastKnownFileType = sourcecode.swift; path = NowPlayingVC.swift; sourceTree = "<group>"; };
		E572C45F2837AF75006E6ECF /* Base */ = {isa = PBXFileReference; lastKnownFileType = file.storyboard; name = Base; path = Base.lproj/Main.storyboard; sourceTree = "<group>"; };
		E572C4622837AF75006E6ECF /* Movieify.xcdatamodel */ = {isa = PBXFileReference; lastKnownFileType = wrapper.xcdatamodel; path = Movieify.xcdatamodel; sourceTree = "<group>"; };
		E572C4642837AF78006E6ECF /* Assets.xcassets */ = {isa = PBXFileReference; lastKnownFileType = folder.assetcatalog; name = Assets.xcassets; path = ../Assets.xcassets; sourceTree = "<group>"; };
		E572C4672837AF78006E6ECF /* Base */ = {isa = PBXFileReference; lastKnownFileType = file.storyboard; name = Base; path = Base.lproj/LaunchScreen.storyboard; sourceTree = "<group>"; };
		E572C4692837AF78006E6ECF /* Info.plist */ = {isa = PBXFileReference; lastKnownFileType = text.plist.xml; path = Info.plist; sourceTree = "<group>"; };
/* End PBXFileReference section */

/* Begin PBXFrameworksBuildPhase section */
		E572C4522837AF75006E6ECF /* Frameworks */ = {
			isa = PBXFrameworksBuildPhase;
			buildActionMask = 2147483647;
			files = (
				E5304D3F28394CCD0033775E /* SDWebImage in Frameworks */,
				E5304D2828380B260033775E /* Alamofire in Frameworks */,
			);
			runOnlyForDeploymentPostprocessing = 0;
		};
/* End PBXFrameworksBuildPhase section */

/* Begin PBXGroup section */
		E5304D1C2837F34A0033775E /* Extensions */ = {
			isa = PBXGroup;
			children = (
				E5304D402839E5100033775E /* NowPlayingVC */,
				E5304D1D2837F3840033775E /* UIViewExtensions.swift */,
			);
			path = Extensions;
			sourceTree = "<group>";
		};
		E5304D29283810970033775E /* APIServices */ = {
			isa = PBXGroup;
			children = (
				E5304D2A283810B60033775E /* ServicesHandler */,
				E5304D2F28381C390033775E /* MovieAPI.swift */,
			);
			path = APIServices;
			sourceTree = "<group>";
		};
		E5304D2A283810B60033775E /* ServicesHandler */ = {
			isa = PBXGroup;
			children = (
				E5304D2B283810D90033775E /* BaseService.swift */,
				E5304D332838A7610033775E /* APIErrors.swift */,
			);
			path = ServicesHandler;
			sourceTree = "<group>";
		};
		E5304D3B28393DF20033775E /* Custome Views */ = {
			isa = PBXGroup;
			children = (
				E5304D3828393B7E0033775E /* MovieTVC.xib */,
			);
			path = "Custome Views";
			sourceTree = "<group>";
		};
		E5304D3C28393ECE0033775E /* Custome Views */ = {
			isa = PBXGroup;
			children = (
				E5304D3728393B7E0033775E /* MovieTVC.swift */,
			);
			path = "Custome Views";
			sourceTree = "<group>";
		};
		E5304D402839E5100033775E /* NowPlayingVC */ = {
			isa = PBXGroup;
			children = (
				E5304D412839E5640033775E /* NowPlayingVCSetup.swift */,
			);
			path = NowPlayingVC;
			sourceTree = "<group>";
		};
		E572C44C2837AF75006E6ECF = {
			isa = PBXGroup;
			children = (
				E572C4572837AF75006E6ECF /* Movieify */,
				E572C4562837AF75006E6ECF /* Products */,
			);
			sourceTree = "<group>";
		};
		E572C4562837AF75006E6ECF /* Products */ = {
			isa = PBXGroup;
			children = (
				E572C4552837AF75006E6ECF /* Movieify.app */,
			);
			name = Products;
			sourceTree = "<group>";
		};
		E572C4572837AF75006E6ECF /* Movieify */ = {
			isa = PBXGroup;
			children = (
				E5304D29283810970033775E /* APIServices */,
				E5304D1C2837F34A0033775E /* Extensions */,
				E572C4742837B126006E6ECF /* Storyboards */,
				E572C4732837B10E006E6ECF /* Application */,
				E572C4722837B0EA006E6ECF /* Resources */,
				E572C4712837B0DB006E6ECF /* ViewModel */,
				E572C4702837B0D2006E6ECF /* View */,
				E572C46F2837B0C5006E6ECF /* Models */,
				E572C4612837AF75006E6ECF /* Movieify.xcdatamodeld */,
			);
			path = Movieify;
			sourceTree = "<group>";
		};
		E572C46F2837B0C5006E6ECF /* Models */ = {
			isa = PBXGroup;
			children = (
				E5304D31283895300033775E /* Movie.swift */,
				E5304D432839EBD20033775E /* Genre.swift */,
			);
			path = Models;
			sourceTree = "<group>";
		};
		E572C4702837B0D2006E6ECF /* View */ = {
			isa = PBXGroup;
			children = (
				E5304D3C28393ECE0033775E /* Custome Views */,
				E572C45C2837AF75006E6ECF /* NowPlayingVC.swift */,
				E5304D1F2837F4140033775E /* PopularVC.swift */,
				E5304D212837F43C0033775E /* TopRatedVC.swift */,
				E5304D242837F4C20033775E /* UpcomingVC.swift */,
			);
			path = View;
			sourceTree = "<group>";
		};
		E572C4712837B0DB006E6ECF /* ViewModel */ = {
			isa = PBXGroup;
			children = (
				E5304D352838C3DC0033775E /* NowPlayingViewModel.swift */,
			);
			path = ViewModel;
			sourceTree = "<group>";
		};
		E572C4722837B0EA006E6ECF /* Resources */ = {
			isa = PBXGroup;
			children = (
				E572C4642837AF78006E6ECF /* Assets.xcassets */,
				E5304D2D283811720033775E /* Constant.swift */,
			);
			path = Resources;
			sourceTree = "<group>";
		};
		E572C4732837B10E006E6ECF /* Application */ = {
			isa = PBXGroup;
			children = (
				E572C4692837AF78006E6ECF /* Info.plist */,
				E572C45A2837AF75006E6ECF /* SceneDelegate.swift */,
				E572C4582837AF75006E6ECF /* AppDelegate.swift */,
			);
			path = Application;
			sourceTree = "<group>";
		};
		E572C4742837B126006E6ECF /* Storyboards */ = {
			isa = PBXGroup;
			children = (
				E5304D3B28393DF20033775E /* Custome Views */,
				E572C4662837AF78006E6ECF /* LaunchScreen.storyboard */,
				E572C45E2837AF75006E6ECF /* Main.storyboard */,
			);
			path = Storyboards;
			sourceTree = "<group>";
		};
/* End PBXGroup section */

/* Begin PBXNativeTarget section */
		E572C4542837AF75006E6ECF /* Movieify */ = {
			isa = PBXNativeTarget;
			buildConfigurationList = E572C46C2837AF78006E6ECF /* Build configuration list for PBXNativeTarget "Movieify" */;
			buildPhases = (
				E572C4512837AF75006E6ECF /* Sources */,
				E572C4522837AF75006E6ECF /* Frameworks */,
				E572C4532837AF75006E6ECF /* Resources */,
			);
			buildRules = (
			);
			dependencies = (
			);
			name = Movieify;
			packageProductDependencies = (
				E5304D2728380B260033775E /* Alamofire */,
				E5304D3E28394CCD0033775E /* SDWebImage */,
			);
			productName = Movieify;
			productReference = E572C4552837AF75006E6ECF /* Movieify.app */;
			productType = "com.apple.product-type.application";
		};
/* End PBXNativeTarget section */

/* Begin PBXProject section */
		E572C44D2837AF75006E6ECF /* Project object */ = {
			isa = PBXProject;
			attributes = {
				BuildIndependentTargetsInParallel = 1;
				LastSwiftUpdateCheck = 1320;
				LastUpgradeCheck = 1320;
				TargetAttributes = {
					E572C4542837AF75006E6ECF = {
						CreatedOnToolsVersion = 13.2.1;
					};
				};
			};
			buildConfigurationList = E572C4502837AF75006E6ECF /* Build configuration list for PBXProject "Movieify" */;
			compatibilityVersion = "Xcode 13.0";
			developmentRegion = en;
			hasScannedForEncodings = 0;
			knownRegions = (
				en,
				Base,
			);
			mainGroup = E572C44C2837AF75006E6ECF;
			packageReferences = (
				E5304D2628380B260033775E /* XCRemoteSwiftPackageReference "Alamofire" */,
				E5304D3D28394CCD0033775E /* XCRemoteSwiftPackageReference "SDWebImage" */,
			);
			productRefGroup = E572C4562837AF75006E6ECF /* Products */;
			projectDirPath = "";
			projectRoot = "";
			targets = (
				E572C4542837AF75006E6ECF /* Movieify */,
			);
		};
/* End PBXProject section */

/* Begin PBXResourcesBuildPhase section */
		E572C4532837AF75006E6ECF /* Resources */ = {
			isa = PBXResourcesBuildPhase;
			buildActionMask = 2147483647;
			files = (
				E572C4682837AF78006E6ECF /* LaunchScreen.storyboard in Resources */,
				E572C4652837AF78006E6ECF /* Assets.xcassets in Resources */,
				E5304D3A28393B7E0033775E /* MovieTVC.xib in Resources */,
				E572C4602837AF75006E6ECF /* Main.storyboard in Resources */,
			);
			runOnlyForDeploymentPostprocessing = 0;
		};
/* End PBXResourcesBuildPhase section */

/* Begin PBXSourcesBuildPhase section */
		E572C4512837AF75006E6ECF /* Sources */ = {
			isa = PBXSourcesBuildPhase;
			buildActionMask = 2147483647;
			files = (
				E5304D202837F4140033775E /* PopularVC.swift in Sources */,
				E5304D222837F43C0033775E /* TopRatedVC.swift in Sources */,
				E5304D32283895300033775E /* Movie.swift in Sources */,
				E572C45D2837AF75006E6ECF /* NowPlayingVC.swift in Sources */,
				E5304D422839E5640033775E /* NowPlayingVCSetup.swift in Sources */,
				E5304D362838C3DC0033775E /* NowPlayingViewModel.swift in Sources */,
				E5304D1E2837F3840033775E /* UIViewExtensions.swift in Sources */,
				E5304D3028381C390033775E /* MovieAPI.swift in Sources */,
				E572C4632837AF75006E6ECF /* Movieify.xcdatamodeld in Sources */,
				E572C4592837AF75006E6ECF /* AppDelegate.swift in Sources */,
				E5304D442839EBD20033775E /* Genre.swift in Sources */,
				E5304D252837F4C20033775E /* UpcomingVC.swift in Sources */,
				E5304D2E283811720033775E /* Constant.swift in Sources */,
				E572C45B2837AF75006E6ECF /* SceneDelegate.swift in Sources */,
				E5304D2C283810D90033775E /* BaseService.swift in Sources */,
				E5304D342838A7610033775E /* APIErrors.swift in Sources */,
				E5304D3928393B7E0033775E /* MovieTVC.swift in Sources */,
			);
			runOnlyForDeploymentPostprocessing = 0;
		};
/* End PBXSourcesBuildPhase section */

/* Begin PBXVariantGroup section */
		E572C45E2837AF75006E6ECF /* Main.storyboard */ = {
			isa = PBXVariantGroup;
			children = (
				E572C45F2837AF75006E6ECF /* Base */,
			);
			name = Main.storyboard;
			sourceTree = "<group>";
		};
		E572C4662837AF78006E6ECF /* LaunchScreen.storyboard */ = {
			isa = PBXVariantGroup;
			children = (
				E572C4672837AF78006E6ECF /* Base */,
			);
			name = LaunchScreen.storyboard;
			sourceTree = "<group>";
		};
/* End PBXVariantGroup section */

/* Begin XCBuildConfiguration section */
		E572C46A2837AF78006E6ECF /* Debug */ = {
			isa = XCBuildConfiguration;
			buildSettings = {
				ALWAYS_SEARCH_USER_PATHS = NO;
				CLANG_ANALYZER_NONNULL = YES;
				CLANG_ANALYZER_NUMBER_OBJECT_CONVERSION = YES_AGGRESSIVE;
				CLANG_CXX_LANGUAGE_STANDARD = "gnu++17";
				CLANG_CXX_LIBRARY = "libc++";
				CLANG_ENABLE_MODULES = YES;
				CLANG_ENABLE_OBJC_ARC = YES;
				CLANG_ENABLE_OBJC_WEAK = YES;
				CLANG_WARN_BLOCK_CAPTURE_AUTORELEASING = YES;
				CLANG_WARN_BOOL_CONVERSION = YES;
				CLANG_WARN_COMMA = YES;
				CLANG_WARN_CONSTANT_CONVERSION = YES;
				CLANG_WARN_DEPRECATED_OBJC_IMPLEMENTATIONS = YES;
				CLANG_WARN_DIRECT_OBJC_ISA_USAGE = YES_ERROR;
				CLANG_WARN_DOCUMENTATION_COMMENTS = YES;
				CLANG_WARN_EMPTY_BODY = YES;
				CLANG_WARN_ENUM_CONVERSION = YES;
				CLANG_WARN_INFINITE_RECURSION = YES;
				CLANG_WARN_INT_CONVERSION = YES;
				CLANG_WARN_NON_LITERAL_NULL_CONVERSION = YES;
				CLANG_WARN_OBJC_IMPLICIT_RETAIN_SELF = YES;
				CLANG_WARN_OBJC_LITERAL_CONVERSION = YES;
				CLANG_WARN_OBJC_ROOT_CLASS = YES_ERROR;
				CLANG_WARN_QUOTED_INCLUDE_IN_FRAMEWORK_HEADER = YES;
				CLANG_WARN_RANGE_LOOP_ANALYSIS = YES;
				CLANG_WARN_STRICT_PROTOTYPES = YES;
				CLANG_WARN_SUSPICIOUS_MOVE = YES;
				CLANG_WARN_UNGUARDED_AVAILABILITY = YES_AGGRESSIVE;
				CLANG_WARN_UNREACHABLE_CODE = YES;
				CLANG_WARN__DUPLICATE_METHOD_MATCH = YES;
				COPY_PHASE_STRIP = NO;
				DEBUG_INFORMATION_FORMAT = dwarf;
				ENABLE_STRICT_OBJC_MSGSEND = YES;
				ENABLE_TESTABILITY = YES;
				GCC_C_LANGUAGE_STANDARD = gnu11;
				GCC_DYNAMIC_NO_PIC = NO;
				GCC_NO_COMMON_BLOCKS = YES;
				GCC_OPTIMIZATION_LEVEL = 0;
				GCC_PREPROCESSOR_DEFINITIONS = (
					"DEBUG=1",
					"$(inherited)",
				);
				GCC_WARN_64_TO_32_BIT_CONVERSION = YES;
				GCC_WARN_ABOUT_RETURN_TYPE = YES_ERROR;
				GCC_WARN_UNDECLARED_SELECTOR = YES;
				GCC_WARN_UNINITIALIZED_AUTOS = YES_AGGRESSIVE;
				GCC_WARN_UNUSED_FUNCTION = YES;
				GCC_WARN_UNUSED_VARIABLE = YES;
				IPHONEOS_DEPLOYMENT_TARGET = 15.2;
				MTL_ENABLE_DEBUG_INFO = INCLUDE_SOURCE;
				MTL_FAST_MATH = YES;
				ONLY_ACTIVE_ARCH = YES;
				SDKROOT = iphoneos;
				SWIFT_ACTIVE_COMPILATION_CONDITIONS = DEBUG;
				SWIFT_OPTIMIZATION_LEVEL = "-Onone";
			};
			name = Debug;
		};
		E572C46B2837AF78006E6ECF /* Release */ = {
			isa = XCBuildConfiguration;
			buildSettings = {
				ALWAYS_SEARCH_USER_PATHS = NO;
				CLANG_ANALYZER_NONNULL = YES;
				CLANG_ANALYZER_NUMBER_OBJECT_CONVERSION = YES_AGGRESSIVE;
				CLANG_CXX_LANGUAGE_STANDARD = "gnu++17";
				CLANG_CXX_LIBRARY = "libc++";
				CLANG_ENABLE_MODULES = YES;
				CLANG_ENABLE_OBJC_ARC = YES;
				CLANG_ENABLE_OBJC_WEAK = YES;
				CLANG_WARN_BLOCK_CAPTURE_AUTORELEASING = YES;
				CLANG_WARN_BOOL_CONVERSION = YES;
				CLANG_WARN_COMMA = YES;
				CLANG_WARN_CONSTANT_CONVERSION = YES;
				CLANG_WARN_DEPRECATED_OBJC_IMPLEMENTATIONS = YES;
				CLANG_WARN_DIRECT_OBJC_ISA_USAGE = YES_ERROR;
				CLANG_WARN_DOCUMENTATION_COMMENTS = YES;
				CLANG_WARN_EMPTY_BODY = YES;
				CLANG_WARN_ENUM_CONVERSION = YES;
				CLANG_WARN_INFINITE_RECURSION = YES;
				CLANG_WARN_INT_CONVERSION = YES;
				CLANG_WARN_NON_LITERAL_NULL_CONVERSION = YES;
				CLANG_WARN_OBJC_IMPLICIT_RETAIN_SELF = YES;
				CLANG_WARN_OBJC_LITERAL_CONVERSION = YES;
				CLANG_WARN_OBJC_ROOT_CLASS = YES_ERROR;
				CLANG_WARN_QUOTED_INCLUDE_IN_FRAMEWORK_HEADER = YES;
				CLANG_WARN_RANGE_LOOP_ANALYSIS = YES;
				CLANG_WARN_STRICT_PROTOTYPES = YES;
				CLANG_WARN_SUSPICIOUS_MOVE = YES;
				CLANG_WARN_UNGUARDED_AVAILABILITY = YES_AGGRESSIVE;
				CLANG_WARN_UNREACHABLE_CODE = YES;
				CLANG_WARN__DUPLICATE_METHOD_MATCH = YES;
				COPY_PHASE_STRIP = NO;
				DEBUG_INFORMATION_FORMAT = "dwarf-with-dsym";
				ENABLE_NS_ASSERTIONS = NO;
				ENABLE_STRICT_OBJC_MSGSEND = YES;
				GCC_C_LANGUAGE_STANDARD = gnu11;
				GCC_NO_COMMON_BLOCKS = YES;
				GCC_WARN_64_TO_32_BIT_CONVERSION = YES;
				GCC_WARN_ABOUT_RETURN_TYPE = YES_ERROR;
				GCC_WARN_UNDECLARED_SELECTOR = YES;
				GCC_WARN_UNINITIALIZED_AUTOS = YES_AGGRESSIVE;
				GCC_WARN_UNUSED_FUNCTION = YES;
				GCC_WARN_UNUSED_VARIABLE = YES;
				IPHONEOS_DEPLOYMENT_TARGET = 15.2;
				MTL_ENABLE_DEBUG_INFO = NO;
				MTL_FAST_MATH = YES;
				SDKROOT = iphoneos;
				SWIFT_COMPILATION_MODE = wholemodule;
				SWIFT_OPTIMIZATION_LEVEL = "-O";
				VALIDATE_PRODUCT = YES;
			};
			name = Release;
		};
		E572C46D2837AF78006E6ECF /* Debug */ = {
			isa = XCBuildConfiguration;
			buildSettings = {
				ASSETCATALOG_COMPILER_APPICON_NAME = AppIcon;
				ASSETCATALOG_COMPILER_GLOBAL_ACCENT_COLOR_NAME = AccentColor;
				CODE_SIGN_STYLE = Automatic;
				CURRENT_PROJECT_VERSION = 1;
				GENERATE_INFOPLIST_FILE = YES;
				INFOPLIST_FILE = Movieify/Application/Info.plist;
				INFOPLIST_KEY_UIApplicationSupportsIndirectInputEvents = YES;
				INFOPLIST_KEY_UILaunchStoryboardName = LaunchScreen;
				INFOPLIST_KEY_UIMainStoryboardFile = Main;
				INFOPLIST_KEY_UISupportedInterfaceOrientations_iPad = "UIInterfaceOrientationPortrait UIInterfaceOrientationPortraitUpsideDown UIInterfaceOrientationLandscapeLeft UIInterfaceOrientationLandscapeRight";
				INFOPLIST_KEY_UISupportedInterfaceOrientations_iPhone = "UIInterfaceOrientationPortrait UIInterfaceOrientationLandscapeLeft UIInterfaceOrientationLandscapeRight";
				IPHONEOS_DEPLOYMENT_TARGET = 13.0;
				LD_RUNPATH_SEARCH_PATHS = (
					"$(inherited)",
					"@executable_path/Frameworks",
				);
				MARKETING_VERSION = 1.0;
				PRODUCT_BUNDLE_IDENTIFIER = com.salitha.Movieify;
				PRODUCT_NAME = "$(TARGET_NAME)";
				SWIFT_EMIT_LOC_STRINGS = YES;
				SWIFT_VERSION = 5.0;
				TARGETED_DEVICE_FAMILY = "1,2";
			};
			name = Debug;
		};
		E572C46E2837AF78006E6ECF /* Release */ = {
			isa = XCBuildConfiguration;
			buildSettings = {
				ASSETCATALOG_COMPILER_APPICON_NAME = AppIcon;
				ASSETCATALOG_COMPILER_GLOBAL_ACCENT_COLOR_NAME = AccentColor;
				CODE_SIGN_STYLE = Automatic;
				CURRENT_PROJECT_VERSION = 1;
				GENERATE_INFOPLIST_FILE = YES;
				INFOPLIST_FILE = Movieify/Application/Info.plist;
				INFOPLIST_KEY_UIApplicationSupportsIndirectInputEvents = YES;
				INFOPLIST_KEY_UILaunchStoryboardName = LaunchScreen;
				INFOPLIST_KEY_UIMainStoryboardFile = Main;
				INFOPLIST_KEY_UISupportedInterfaceOrientations_iPad = "UIInterfaceOrientationPortrait UIInterfaceOrientationPortraitUpsideDown UIInterfaceOrientationLandscapeLeft UIInterfaceOrientationLandscapeRight";
				INFOPLIST_KEY_UISupportedInterfaceOrientations_iPhone = "UIInterfaceOrientationPortrait UIInterfaceOrientationLandscapeLeft UIInterfaceOrientationLandscapeRight";
				IPHONEOS_DEPLOYMENT_TARGET = 13.0;
				LD_RUNPATH_SEARCH_PATHS = (
					"$(inherited)",
					"@executable_path/Frameworks",
				);
				MARKETING_VERSION = 1.0;
				PRODUCT_BUNDLE_IDENTIFIER = com.salitha.Movieify;
				PRODUCT_NAME = "$(TARGET_NAME)";
				SWIFT_EMIT_LOC_STRINGS = YES;
				SWIFT_VERSION = 5.0;
				TARGETED_DEVICE_FAMILY = "1,2";
			};
			name = Release;
		};
/* End XCBuildConfiguration section */

/* Begin XCConfigurationList section */
		E572C4502837AF75006E6ECF /* Build configuration list for PBXProject "Movieify" */ = {
			isa = XCConfigurationList;
			buildConfigurations = (
				E572C46A2837AF78006E6ECF /* Debug */,
				E572C46B2837AF78006E6ECF /* Release */,
			);
			defaultConfigurationIsVisible = 0;
			defaultConfigurationName = Release;
		};
		E572C46C2837AF78006E6ECF /* Build configuration list for PBXNativeTarget "Movieify" */ = {
			isa = XCConfigurationList;
			buildConfigurations = (
				E572C46D2837AF78006E6ECF /* Debug */,
				E572C46E2837AF78006E6ECF /* Release */,
			);
			defaultConfigurationIsVisible = 0;
			defaultConfigurationName = Release;
		};
/* End XCConfigurationList section */

/* Begin XCRemoteSwiftPackageReference section */
		E5304D2628380B260033775E /* XCRemoteSwiftPackageReference "Alamofire" */ = {
			isa = XCRemoteSwiftPackageReference;
			repositoryURL = "https://github.com/Alamofire/Alamofire";
			requirement = {
				branch = master;
				kind = branch;
			};
		};
		E5304D3D28394CCD0033775E /* XCRemoteSwiftPackageReference "SDWebImage" */ = {
			isa = XCRemoteSwiftPackageReference;
			repositoryURL = "https://github.com/SDWebImage/SDWebImage";
			requirement = {
				branch = master;
				kind = branch;
			};
		};
/* End XCRemoteSwiftPackageReference section */

/* Begin XCSwiftPackageProductDependency section */
		E5304D2728380B260033775E /* Alamofire */ = {
			isa = XCSwiftPackageProductDependency;
			package = E5304D2628380B260033775E /* XCRemoteSwiftPackageReference "Alamofire" */;
			productName = Alamofire;
		};
		E5304D3E28394CCD0033775E /* SDWebImage */ = {
			isa = XCSwiftPackageProductDependency;
			package = E5304D3D28394CCD0033775E /* XCRemoteSwiftPackageReference "SDWebImage" */;
			productName = SDWebImage;
		};
/* End XCSwiftPackageProductDependency section */

/* Begin XCVersionGroup section */
		E572C4612837AF75006E6ECF /* Movieify.xcdatamodeld */ = {
			isa = XCVersionGroup;
			children = (
				E572C4622837AF75006E6ECF /* Movieify.xcdatamodel */,
			);
			currentVersion = E572C4622837AF75006E6ECF /* Movieify.xcdatamodel */;
			path = Movieify.xcdatamodeld;
			sourceTree = "<group>";
			versionGroupType = wrapper.xcdatamodel;
		};
/* End XCVersionGroup section */
	};
	rootObject = E572C44D2837AF75006E6ECF /* Project object */;
}
